
Microsoft Visual Studio Solution File, Format Version 12.00
# Visual Studio 14
VisualStudioVersion = 14.0.25420.1
MinimumVisualStudioVersion = 10.0.40219.1
Project("{FAE04EC0-301F-11D3-BF4B-00C04F79EFBC}") = "Dashboard_WebApp", "Dashboard_WebApp\Dashboard_WebApp.csproj", "{645F19CA-0E79-418A-B9F3-82BDA59A8742}"
EndProject
Project("{FAE04EC0-301F-11D3-BF4B-00C04F79EFBC}") = "DashboardHR.Models", "DashboardHR.Models\DashboardHR.Models.csproj", "{E4A2BF8B-D75E-46A6-B80F-7E3BE9C51480}"
EndProject
Project("{FAE04EC0-301F-11D3-BF4B-00C04F79EFBC}") = "Dashboard_HR.Data", "Dashboard_HR.Data\Dashboard_HR.Data.csproj", "{1BE7D81E-21B5-4367-B6BC-FCC0187FB933}"
EndProject
Project("{FAE04EC0-301F-11D3-BF4B-00C04F79EFBC}") = "Dashboard_HR.Repository", "Dashboard_HR.Repository\Dashboard_HR.Repository.csproj", "{6B8C1844-43DE-46AB-9DAC-C26A661DC0F3}"
EndProject
Global
	GlobalSection(SolutionConfigurationPlatforms) = preSolution
		Debug|Any CPU = Debug|Any CPU
		Release|Any CPU = Release|Any CPU
	EndGlobalSection
	GlobalSection(ProjectConfigurationPlatforms) = postSolution
		{645F19CA-0E79-418A-B9F3-82BDA59A8742}.Debug|Any CPU.ActiveCfg = Debug|Any CPU
		{645F19CA-0E79-418A-B9F3-82BDA59A8742}.Debug|Any CPU.Build.0 = Debug|Any CPU
		{645F19CA-0E79-418A-B9F3-82BDA59A8742}.Release|Any CPU.ActiveCfg = Release|Any CPU
		{645F19CA-0E79-418A-B9F3-82BDA59A8742}.Release|Any CPU.Build.0 = Release|Any CPU
		{E4A2BF8B-D75E-46A6-B80F-7E3BE9C51480}.Debug|Any CPU.ActiveCfg = Debug|Any CPU
		{E4A2BF8B-D75E-46A6-B80F-7E3BE9C51480}.Debug|Any CPU.Build.0 = Debug|Any CPU
		{E4A2BF8B-D75E-46A6-B80F-7E3BE9C51480}.Release|Any CPU.ActiveCfg = Release|Any CPU
		{E4A2BF8B-D75E-46A6-B80F-7E3BE9C51480}.Release|Any CPU.Build.0 = Release|Any CPU
		{1BE7D81E-21B5-4367-B6BC-FCC0187FB933}.Debug|Any CPU.ActiveCfg = Debug|Any CPU
		{1BE7D81E-21B5-4367-B6BC-FCC0187FB933}.Debug|Any CPU.Build.0 = Debug|Any CPU
		{1BE7D81E-21B5-4367-B6BC-FCC0187FB933}.Release|Any CPU.ActiveCfg = Release|Any CPU
		{1BE7D81E-21B5-4367-B6BC-FCC0187FB933}.Release|Any CPU.Build.0 = Release|Any CPU
		{6B8C1844-43DE-46AB-9DAC-C26A661DC0F3}.Debug|Any CPU.ActiveCfg = Debug|Any CPU
		{6B8C1844-43DE-46AB-9DAC-C26A661DC0F3}.Debug|Any CPU.Build.0 = Debug|Any CPU
		{6B8C1844-43DE-46AB-9DAC-C26A661DC0F3}.Release|Any CPU.ActiveCfg = Release|Any CPU
		{6B8C1844-43DE-46AB-9DAC-C26A661DC0F3}.Release|Any CPU.Build.0 = Release|Any CPU
	EndGlobalSection
	GlobalSection(SolutionProperties) = preSolution
		HideSolutionNode = FALSE
	EndGlobalSection
	GlobalSection(SourceCodeControl) = preSolution
		SccNumberOfProjects = 5
		SccLocalPath0 = .
		SccProjectUniqueName1 = Dashboard_WebApp\\Dashboard_WebApp.csproj
		SccLocalPath1 = Dashboard_WebApp
		SccProjectUniqueName2 = Dashboard_HR.Data\\Dashboard_HR.Data.csproj
		SccLocalPath2 = Dashboard_HR.Data
		SccProjectUniqueName3 = DashboardHR.Models\\DashboardHR.Models.csproj
		SccLocalPath3 = DashboardHR.Models
		SccProjectUniqueName4 = Dashboard_HR.Repository\\Dashboard_HR.Repository.csproj
		SccLocalPath4 = Dashboard_HR.Repository
	EndGlobalSection
EndGlobal
